<?xml version="1.0" encoding="utf-8"?>
<Project ToolsVersion="17.0" xmlns="http://schemas.microsoft.com/developer/msbuild/2003">
  <ItemGroup>
    <CustomBuild Include="D:\USD\OpenUSD-DebugBuild\build\OpenUSD-release\CMakeFiles\077fa99d1322bea51e8885574b9f5d6f\__init__.pyc.rule">
      <Filter>CMake Rules</Filter>
    </CustomBuild>
    <CustomBuild Include="D:\USD\OpenUSD-DebugBuild\build\OpenUSD-release\CMakeFiles\5ee0375e1577c505faf488849989fa57\_pxOsd_pythonfiles.rule">
      <Filter>CMake Rules</Filter>
    </CustomBuild>
    <CustomBuild Include="D:\USD\OpenUSD-release\pxr\imaging\pxOsd\CMakeLists.txt" />
  </ItemGroup>
  <ItemGroup>
    <None Include="D:\USD\OpenUSD-DebugBuild\build\OpenUSD-release\pxr\imaging\pxOsd\CMakeFiles\_pxOsd_pythonfiles" />
  </ItemGroup>
  <ItemGroup>
    <Filter Include="CMake Rules">
      <UniqueIdentifier>{F7F62FFE-FE8A-3BDE-8726-19D6874C4245}</UniqueIdentifier>
    </Filter>
  </ItemGroup>
</Project>
