<?xml version="1.0" encoding="utf-8"?>
<Project ToolsVersion="17.0" xmlns="http://schemas.microsoft.com/developer/msbuild/2003">
  <ItemGroup>
    <ClCompile Include="D:\USD\OpenUSD-release\pxr\imaging\pxOsd\moduleDeps.cpp">
      <Filter>Source Files</Filter>
    </ClCompile>
    <ClCompile Include="D:\USD\OpenUSD-release\pxr\imaging\pxOsd\meshTopology.cpp">
      <Filter>Source Files</Filter>
    </ClCompile>
    <ClCompile Include="D:\USD\OpenUSD-release\pxr\imaging\pxOsd\meshTopologyValidation.cpp">
      <Filter>Source Files</Filter>
    </ClCompile>
    <ClCompile Include="D:\USD\OpenUSD-release\pxr\imaging\pxOsd\refinerFactory.cpp">
      <Filter>Source Files</Filter>
    </ClCompile>
    <ClCompile Include="D:\USD\OpenUSD-release\pxr\imaging\pxOsd\subdivTags.cpp">
      <Filter>Source Files</Filter>
    </ClCompile>
    <ClCompile Include="D:\USD\OpenUSD-release\pxr\imaging\pxOsd\tokens.cpp">
      <Filter>Source Files</Filter>
    </ClCompile>
    <ClCompile Include="D:\USD\OpenUSD-DebugBuild\build\OpenUSD-release\pxr\imaging\pxOsd\pch.cpp">
      <Filter>Source Files</Filter>
    </ClCompile>
  </ItemGroup>
  <ItemGroup>
    <ClInclude Include="D:\USD\OpenUSD-DebugBuild\build\OpenUSD-release\include\pxr\imaging\pxOsd\pch.h">
      <Filter>Header Files</Filter>
    </ClInclude>
  </ItemGroup>
  <ItemGroup>
    <CustomBuild Include="D:\USD\OpenUSD-DebugBuild\build\OpenUSD-release\CMakeFiles\725d1f2288d0f200f3d276d3b19a8e89\pch.h.rule">
      <Filter>CMake Rules</Filter>
    </CustomBuild>
    <CustomBuild Include="D:\USD\OpenUSD-DebugBuild\build\OpenUSD-release\CMakeFiles\077fa99d1322bea51e8885574b9f5d6f\pch.cpp.rule">
      <Filter>CMake Rules</Filter>
    </CustomBuild>
    <CustomBuild Include="D:\USD\OpenUSD-release\pxr\imaging\pxOsd\CMakeLists.txt" />
  </ItemGroup>
  <ItemGroup>
    <Filter Include="CMake Rules">
      <UniqueIdentifier>{F7F62FFE-FE8A-3BDE-8726-19D6874C4245}</UniqueIdentifier>
    </Filter>
    <Filter Include="Header Files">
      <UniqueIdentifier>{8B693FA8-07DE-32C3-8A0D-62ED75492FE9}</UniqueIdentifier>
    </Filter>
    <Filter Include="Source Files">
      <UniqueIdentifier>{1FD8D7B3-90F4-3A0A-B207-35543B072762}</UniqueIdentifier>
    </Filter>
  </ItemGroup>
</Project>
